
Microsoft Visual Studio Solution File, Format Version 12.00
# Visual Studio Version 17
VisualStudioVersion = 17.4.33213.308
MinimumVisualStudioVersion = 10.0.40219.1
Project("{9A19103F-16F7-4668-BE54-9A1E7A4F7556}") = "Solitaire", "Solitaire.csproj", "{DC889414-D478-45ED-8AF2-E54AFAD55D53}"
EndProject
Project("{9A19103F-16F7-4668-BE54-9A1E7A4F7556}") = "SolitaireTests", "..\SolitaireTests\SolitaireTests.csproj", "{2A44BDC5-BD29-4083-A760-07F79B0F44A9}"
EndProject
Project("{9A19103F-16F7-4668-BE54-9A1E7A4F7556}") = "SolitaireLibrary", "..\SolitaireLibrary\SolitaireLibrary.csproj", "{B4918F5B-1346-407D-8259-D3EA41048F31}"
EndProject
Global
	GlobalSection(SolutionConfigurationPlatforms) = preSolution
		Debug|Any CPU = Debug|Any CPU
		Release|Any CPU = Release|Any CPU
	EndGlobalSection
	GlobalSection(ProjectConfigurationPlatforms) = postSolution
		{DC889414-D478-45ED-8AF2-E54AFAD55D53}.Debug|Any CPU.ActiveCfg = Debug|Any CPU
		{DC889414-D478-45ED-8AF2-E54AFAD55D53}.Debug|Any CPU.Build.0 = Debug|Any CPU
		{DC889414-D478-45ED-8AF2-E54AFAD55D53}.Release|Any CPU.ActiveCfg = Release|Any CPU
		{DC889414-D478-45ED-8AF2-E54AFAD55D53}.Release|Any CPU.Build.0 = Release|Any CPU
		{2A44BDC5-BD29-4083-A760-07F79B0F44A9}.Debug|Any CPU.ActiveCfg = Debug|Any CPU
		{2A44BDC5-BD29-4083-A760-07F79B0F44A9}.Debug|Any CPU.Build.0 = Debug|Any CPU
		{2A44BDC5-BD29-4083-A760-07F79B0F44A9}.Release|Any CPU.ActiveCfg = Release|Any CPU
		{2A44BDC5-BD29-4083-A760-07F79B0F44A9}.Release|Any CPU.Build.0 = Release|Any CPU
		{B4918F5B-1346-407D-8259-D3EA41048F31}.Debug|Any CPU.ActiveCfg = Debug|Any CPU
		{B4918F5B-1346-407D-8259-D3EA41048F31}.Debug|Any CPU.Build.0 = Debug|Any CPU
		{B4918F5B-1346-407D-8259-D3EA41048F31}.Release|Any CPU.ActiveCfg = Release|Any CPU
		{B4918F5B-1346-407D-8259-D3EA41048F31}.Release|Any CPU.Build.0 = Release|Any CPU
	EndGlobalSection
	GlobalSection(SolutionProperties) = preSolution
		HideSolutionNode = FALSE
	EndGlobalSection
	GlobalSection(ExtensibilityGlobals) = postSolution
		SolutionGuid = {6DC14CBD-B235-44CA-B94A-6E1226023B8D}
	EndGlobalSection
EndGlobal
